// !$*UTF8*$!
{
	archiveVersion = 1;
	classes = {
	};
	objectVersion = 46;
	objects = {

/* Begin PBXBuildFile section */
		18D8395F17451B15004908C9 /* UIKit.framework in Frameworks */ = {isa = PBXBuildFile; fileRef = 18D8395E17451B15004908C9 /* UIKit.framework */; };
		18D8396117451B15004908C9 /* Foundation.framework in Frameworks */ = {isa = PBXBuildFile; fileRef = 18D8396017451B15004908C9 /* Foundation.framework */; };
		18D8396317451B15004908C9 /* CoreGraphics.framework in Frameworks */ = {isa = PBXBuildFile; fileRef = 18D8396217451B15004908C9 /* CoreGraphics.framework */; };
		18D8396917451B15004908C9 /* InfoPlist.strings in Resources */ = {isa = PBXBuildFile; fileRef = 18D8396717451B15004908C9 /* InfoPlist.strings */; };
		18D8396B17451B15004908C9 /* main.m in Sources */ = {isa = PBXBuildFile; fileRef = 18D8396A17451B15004908C9 /* main.m */; };
		18D8396F17451B15004908C9 /* GXLIBAppDelegate.m in Sources */ = {isa = PBXBuildFile; fileRef = 18D8396E17451B15004908C9 /* GXLIBAppDelegate.m */; };
		18D8397117451B15004908C9 /* Default.png in Resources */ = {isa = PBXBuildFile; fileRef = 18D8397017451B15004908C9 /* Default.png */; };
		18D8397317451B15004908C9 /* Default@2x.png in Resources */ = {isa = PBXBuildFile; fileRef = 18D8397217451B15004908C9 /* Default@2x.png */; };
		18D8397517451B15004908C9 /* Default-568h@2x.png in Resources */ = {isa = PBXBuildFile; fileRef = 18D8397417451B15004908C9 /* Default-568h@2x.png */; };
		18D8398917451DB8004908C9 /* Need to do.txt in Resources */ = {isa = PBXBuildFile; fileRef = 18D8398817451DB8004908C9 /* Need to do.txt */; };
		18D8399517452366004908C9 /* libIBApi-member.a in Frameworks */ = {isa = PBXBuildFile; fileRef = 18D8399417452329004908C9 /* libIBApi-member.a */; };
		18D839991745240C004908C9 /* GXLIBLogin.m in Sources */ = {isa = PBXBuildFile; fileRef = 18D839971745240C004908C9 /* GXLIBLogin.m */; };
		18D8399A1745240C004908C9 /* GXLIBLogin.xib in Resources */ = {isa = PBXBuildFile; fileRef = 18D839981745240C004908C9 /* GXLIBLogin.xib */; };
		18D8399C17452D7F004908C9 /* Security.framework in Frameworks */ = {isa = PBXBuildFile; fileRef = 18D8399B17452D7F004908C9 /* Security.framework */; };
		18D839A317454543004908C9 /* GXLIBBooklist.m in Sources */ = {isa = PBXBuildFile; fileRef = 18D839A117454543004908C9 /* GXLIBBooklist.m */; };
		18D839A417454543004908C9 /* GXLIBBooklist.xib in Resources */ = {isa = PBXBuildFile; fileRef = 18D839A217454543004908C9 /* GXLIBBooklist.xib */; };
		18D839A7174545B0004908C9 /* GXLIBbooklistCell.m in Sources */ = {isa = PBXBuildFile; fileRef = 18D839A6174545B0004908C9 /* GXLIBbooklistCell.m */; };
		18D839AA174545E6004908C9 /* GXLIBbooklistCell.xib in Resources */ = {isa = PBXBuildFile; fileRef = 18D839A9174545E6004908C9 /* GXLIBbooklistCell.xib */; };
/* End PBXBuildFile section */

/* Begin PBXContainerItemProxy section */
		18D8399317452329004908C9 /* PBXContainerItemProxy */ = {
			isa = PBXContainerItemProxy;
			containerPortal = 18D8398C17452329004908C9 /* IBApi-member.xcodeproj */;
			proxyType = 2;
			remoteGlobalIDString = 18F1B5DC173D67A9007D8E33;
			remoteInfo = "IBApi-member";
		};
/* End PBXContainerItemProxy section */

/* Begin PBXFileReference section */
		18D8395B17451B15004908C9 /* library-xz.app */ = {isa = PBXFileReference; explicitFileType = wrapper.application; includeInIndex = 0; path = "library-xz.app"; sourceTree = BUILT_PRODUCTS_DIR; };
		18D8395E17451B15004908C9 /* UIKit.framework */ = {isa = PBXFileReference; lastKnownFileType = wrapper.framework; name = UIKit.framework; path = System/Library/Frameworks/UIKit.framework; sourceTree = SDKROOT; };
		18D8396017451B15004908C9 /* Foundation.framework */ = {isa = PBXFileReference; lastKnownFileType = wrapper.framework; name = Foundation.framework; path = System/Library/Frameworks/Foundation.framework; sourceTree = SDKROOT; };
		18D8396217451B15004908C9 /* CoreGraphics.framework */ = {isa = PBXFileReference; lastKnownFileType = wrapper.framework; name = CoreGraphics.framework; path = System/Library/Frameworks/CoreGraphics.framework; sourceTree = SDKROOT; };
		18D8396617451B15004908C9 /* library-xz-Info.plist */ = {isa = PBXFileReference; lastKnownFileType = text.plist.xml; path = "library-xz-Info.plist"; sourceTree = "<group>"; };
		18D8396817451B15004908C9 /* en */ = {isa = PBXFileReference; lastKnownFileType = text.plist.strings; name = en; path = en.lproj/InfoPlist.strings; sourceTree = "<group>"; };
		18D8396A17451B15004908C9 /* main.m */ = {isa = PBXFileReference; lastKnownFileType = sourcecode.c.objc; path = main.m; sourceTree = "<group>"; };
		18D8396C17451B15004908C9 /* library-xz-Prefix.pch */ = {isa = PBXFileReference; lastKnownFileType = sourcecode.c.h; path = "library-xz-Prefix.pch"; sourceTree = "<group>"; };
		18D8396D17451B15004908C9 /* GXLIBAppDelegate.h */ = {isa = PBXFileReference; lastKnownFileType = sourcecode.c.h; path = GXLIBAppDelegate.h; sourceTree = "<group>"; };
		18D8396E17451B15004908C9 /* GXLIBAppDelegate.m */ = {isa = PBXFileReference; lastKnownFileType = sourcecode.c.objc; path = GXLIBAppDelegate.m; sourceTree = "<group>"; };
		18D8397017451B15004908C9 /* Default.png */ = {isa = PBXFileReference; lastKnownFileType = image.png; path = Default.png; sourceTree = "<group>"; };
		18D8397217451B15004908C9 /* Default@2x.png */ = {isa = PBXFileReference; lastKnownFileType = image.png; path = "Default@2x.png"; sourceTree = "<group>"; };
		18D8397417451B15004908C9 /* Default-568h@2x.png */ = {isa = PBXFileReference; lastKnownFileType = image.png; path = "Default-568h@2x.png"; sourceTree = "<group>"; };
		18D8398817451DB8004908C9 /* Need to do.txt */ = {isa = PBXFileReference; fileEncoding = 4; lastKnownFileType = text; name = "Need to do.txt"; path = "Documents/Need to do.txt"; sourceTree = "<group>"; };
		18D8398C17452329004908C9 /* IBApi-member.xcodeproj */ = {isa = PBXFileReference; lastKnownFileType = "wrapper.pb-project"; path = "IBApi-member.xcodeproj"; sourceTree = "<group>"; };
		18D839961745240C004908C9 /* GXLIBLogin.h */ = {isa = PBXFileReference; fileEncoding = 4; lastKnownFileType = sourcecode.c.h; name = GXLIBLogin.h; path = login/GXLIBLogin.h; sourceTree = "<group>"; };
		18D839971745240C004908C9 /* GXLIBLogin.m */ = {isa = PBXFileReference; fileEncoding = 4; lastKnownFileType = sourcecode.c.objc; name = GXLIBLogin.m; path = login/GXLIBLogin.m; sourceTree = "<group>"; };
		18D839981745240C004908C9 /* GXLIBLogin.xib */ = {isa = PBXFileReference; fileEncoding = 4; lastKnownFileType = file.xib; name = GXLIBLogin.xib; path = login/GXLIBLogin.xib; sourceTree = "<group>"; };
		18D8399B17452D7F004908C9 /* Security.framework */ = {isa = PBXFileReference; lastKnownFileType = wrapper.framework; name = Security.framework; path = System/Library/Frameworks/Security.framework; sourceTree = SDKROOT; };
		18D8399F17453437004908C9 /* IBApi_member.h */ = {isa = PBXFileReference; fileEncoding = 4; lastKnownFileType = sourcecode.c.h; name = IBApi_member.h; path = "IBApi-member/IBApi_member.h"; sourceTree = "<group>"; };
		18D839A017454543004908C9 /* GXLIBBooklist.h */ = {isa = PBXFileReference; fileEncoding = 4; lastKnownFileType = sourcecode.c.h; name = GXLIBBooklist.h; path = librarysearch/GXLIBBooklist.h; sourceTree = "<group>"; };
		18D839A117454543004908C9 /* GXLIBBooklist.m */ = {isa = PBXFileReference; fileEncoding = 4; lastKnownFileType = sourcecode.c.objc; name = GXLIBBooklist.m; path = librarysearch/GXLIBBooklist.m; sourceTree = "<group>"; };
		18D839A217454543004908C9 /* GXLIBBooklist.xib */ = {isa = PBXFileReference; fileEncoding = 4; lastKnownFileType = file.xib; name = GXLIBBooklist.xib; path = librarysearch/GXLIBBooklist.xib; sourceTree = "<group>"; };
		18D839A5174545B0004908C9 /* GXLIBbooklistCell.h */ = {isa = PBXFileReference; fileEncoding = 4; lastKnownFileType = sourcecode.c.h; name = GXLIBbooklistCell.h; path = commen/cell/GXLIBbooklistCell.h; sourceTree = "<group>"; };
		18D839A6174545B0004908C9 /* GXLIBbooklistCell.m */ = {isa = PBXFileReference; fileEncoding = 4; lastKnownFileType = sourcecode.c.objc; name = GXLIBbooklistCell.m; path = commen/cell/GXLIBbooklistCell.m; sourceTree = "<group>"; };
		18D839A9174545E6004908C9 /* GXLIBbooklistCell.xib */ = {isa = PBXFileReference; fileEncoding = 4; lastKnownFileType = file.xib; name = GXLIBbooklistCell.xib; path = commen/cell/GXLIBbooklistCell.xib; sourceTree = "<group>"; };
/* End PBXFileReference section */

/* Begin PBXFrameworksBuildPhase section */
		18D8395817451B15004908C9 /* Frameworks */ = {
			isa = PBXFrameworksBuildPhase;
			buildActionMask = 2147483647;
			files = (
				18D8399C17452D7F004908C9 /* Security.framework in Frameworks */,
				18D8399517452366004908C9 /* libIBApi-member.a in Frameworks */,
				18D8395F17451B15004908C9 /* UIKit.framework in Frameworks */,
				18D8396117451B15004908C9 /* Foundation.framework in Frameworks */,
				18D8396317451B15004908C9 /* CoreGraphics.framework in Frameworks */,
			);
			runOnlyForDeploymentPostprocessing = 0;
		};
/* End PBXFrameworksBuildPhase section */

/* Begin PBXGroup section */
		18D8395217451B15004908C9 = {
			isa = PBXGroup;
			children = (
				18D8399F17453437004908C9 /* IBApi_member.h */,
				18D8399B17452D7F004908C9 /* Security.framework */,
				18D8398C17452329004908C9 /* IBApi-member.xcodeproj */,
				18D8398717451D8F004908C9 /* Documents */,
				18D8396417451B15004908C9 /* library-xz */,
				18D8395D17451B15004908C9 /* Frameworks */,
				18D8395C17451B15004908C9 /* Products */,
			);
			sourceTree = "<group>";
		};
		18D8395C17451B15004908C9 /* Products */ = {
			isa = PBXGroup;
			children = (
				18D8395B17451B15004908C9 /* library-xz.app */,
			);
			name = Products;
			sourceTree = "<group>";
		};
		18D8395D17451B15004908C9 /* Frameworks */ = {
			isa = PBXGroup;
			children = (
				18D8395E17451B15004908C9 /* UIKit.framework */,
				18D8396017451B15004908C9 /* Foundation.framework */,
				18D8396217451B15004908C9 /* CoreGraphics.framework */,
			);
			name = Frameworks;
			sourceTree = "<group>";
		};
		18D8396417451B15004908C9 /* library-xz */ = {
			isa = PBXGroup;
			children = (
				18D8398617451D11004908C9 /* commen */,
				18D8398517451D03004908C9 /* helper */,
				18D8398417451CEE004908C9 /* notice */,
				18D8398317451CE2004908C9 /* librarysearch */,
				18D8398217451CA7004908C9 /* mylibrary */,
				18D8398117451C9B004908C9 /* login */,
				18D8396517451B15004908C9 /* Supporting Files */,
			);
			path = "library-xz";
			sourceTree = "<group>";
		};
		18D8396517451B15004908C9 /* Supporting Files */ = {
			isa = PBXGroup;
			children = (
				18D8396617451B15004908C9 /* library-xz-Info.plist */,
				18D8396717451B15004908C9 /* InfoPlist.strings */,
				18D8396A17451B15004908C9 /* main.m */,
				18D8396C17451B15004908C9 /* library-xz-Prefix.pch */,
				18D8397017451B15004908C9 /* Default.png */,
				18D8397217451B15004908C9 /* Default@2x.png */,
				18D8397417451B15004908C9 /* Default-568h@2x.png */,
			);
			name = "Supporting Files";
			sourceTree = "<group>";
		};
		18D8398117451C9B004908C9 /* login */ = {
			isa = PBXGroup;
			children = (
				18D839961745240C004908C9 /* GXLIBLogin.h */,
				18D839971745240C004908C9 /* GXLIBLogin.m */,
				18D839981745240C004908C9 /* GXLIBLogin.xib */,
			);
			name = login;
			sourceTree = "<group>";
		};
		18D8398217451CA7004908C9 /* mylibrary */ = {
			isa = PBXGroup;
			children = (
			);
			name = mylibrary;
			sourceTree = "<group>";
		};
		18D8398317451CE2004908C9 /* librarysearch */ = {
			isa = PBXGroup;
			children = (
				18D839A017454543004908C9 /* GXLIBBooklist.h */,
				18D839A117454543004908C9 /* GXLIBBooklist.m */,
				18D839A217454543004908C9 /* GXLIBBooklist.xib */,
			);
			name = librarysearch;
			sourceTree = "<group>";
		};
		18D8398417451CEE004908C9 /* notice */ = {
			isa = PBXGroup;
			children = (
			);
			name = notice;
			sourceTree = "<group>";
		};
		18D8398517451D03004908C9 /* helper */ = {
			isa = PBXGroup;
			children = (
			);
			name = helper;
			sourceTree = "<group>";
		};
		18D8398617451D11004908C9 /* commen */ = {
			isa = PBXGroup;
			children = (
				18D839A8174545B5004908C9 /* cell */,
				18D8396D17451B15004908C9 /* GXLIBAppDelegate.h */,
				18D8396E17451B15004908C9 /* GXLIBAppDelegate.m */,
			);
			name = commen;
			sourceTree = "<group>";
		};
		18D8398717451D8F004908C9 /* Documents */ = {
			isa = PBXGroup;
			children = (
				18D8398817451DB8004908C9 /* Need to do.txt */,
			);
			name = Documents;
			sourceTree = "<group>";
		};
		18D8398D17452329004908C9 /* Products */ = {
			isa = PBXGroup;
			children = (
				18D8399417452329004908C9 /* libIBApi-member.a */,
			);
			name = Products;
			sourceTree = "<group>";
		};
		18D839A8174545B5004908C9 /* cell */ = {
			isa = PBXGroup;
			children = (
				18D839A5174545B0004908C9 /* GXLIBbooklistCell.h */,
				18D839A6174545B0004908C9 /* GXLIBbooklistCell.m */,
				18D839A9174545E6004908C9 /* GXLIBbooklistCell.xib */,
			);
			name = cell;
			sourceTree = "<group>";
		};
/* End PBXGroup section */

/* Begin PBXNativeTarget section */
		18D8395A17451B15004908C9 /* library-xz */ = {
			isa = PBXNativeTarget;
			buildConfigurationList = 18D8397E17451B15004908C9 /* Build configuration list for PBXNativeTarget "library-xz" */;
			buildPhases = (
				18D8395717451B15004908C9 /* Sources */,
				18D8395817451B15004908C9 /* Frameworks */,
				18D8395917451B15004908C9 /* Resources */,
			);
			buildRules = (
			);
			dependencies = (
			);
			name = "library-xz";
			productName = "library-xz";
			productReference = 18D8395B17451B15004908C9 /* library-xz.app */;
			productType = "com.apple.product-type.application";
		};
/* End PBXNativeTarget section */

/* Begin PBXProject section */
		18D8395317451B15004908C9 /* Project object */ = {
			isa = PBXProject;
			attributes = {
				CLASSPREFIX = GXLIB;
				LastUpgradeCheck = 0460;
				ORGANIZATIONNAME = thephoenixorg;
			};
			buildConfigurationList = 18D8395617451B15004908C9 /* Build configuration list for PBXProject "library-xz" */;
			compatibilityVersion = "Xcode 3.2";
			developmentRegion = English;
			hasScannedForEncodings = 0;
			knownRegions = (
				en,
			);
			mainGroup = 18D8395217451B15004908C9;
			productRefGroup = 18D8395C17451B15004908C9 /* Products */;
			projectDirPath = "";
			projectReferences = (
				{
					ProductGroup = 18D8398D17452329004908C9 /* Products */;
					ProjectRef = 18D8398C17452329004908C9 /* IBApi-member.xcodeproj */;
				},
			);
			projectRoot = "";
			targets = (
				18D8395A17451B15004908C9 /* library-xz */,
			);
		};
/* End PBXProject section */

/* Begin PBXReferenceProxy section */
		18D8399417452329004908C9 /* libIBApi-member.a */ = {
			isa = PBXReferenceProxy;
			fileType = archive.ar;
			path = "libIBApi-member.a";
			remoteRef = 18D8399317452329004908C9 /* PBXContainerItemProxy */;
			sourceTree = BUILT_PRODUCTS_DIR;
		};
/* End PBXReferenceProxy section */

/* Begin PBXResourcesBuildPhase section */
		18D8395917451B15004908C9 /* Resources */ = {
			isa = PBXResourcesBuildPhase;
			buildActionMask = 2147483647;
			files = (
				18D8396917451B15004908C9 /* InfoPlist.strings in Resources */,
				18D8397117451B15004908C9 /* Default.png in Resources */,
				18D8397317451B15004908C9 /* Default@2x.png in Resources */,
				18D8397517451B15004908C9 /* Default-568h@2x.png in Resources */,
				18D8398917451DB8004908C9 /* Need to do.txt in Resources */,
				18D8399A1745240C004908C9 /* GXLIBLogin.xib in Resources */,
				18D839A417454543004908C9 /* GXLIBBooklist.xib in Resources */,
				18D839AA174545E6004908C9 /* GXLIBbooklistCell.xib in Resources */,
			);
			runOnlyForDeploymentPostprocessing = 0;
		};
/* End PBXResourcesBuildPhase section */

/* Begin PBXSourcesBuildPhase section */
		18D8395717451B15004908C9 /* Sources */ = {
			isa = PBXSourcesBuildPhase;
			buildActionMask = 2147483647;
			files = (
				18D8396B17451B15004908C9 /* main.m in Sources */,
				18D8396F17451B15004908C9 /* GXLIBAppDelegate.m in Sources */,
				18D839991745240C004908C9 /* GXLIBLogin.m in Sources */,
				18D839A317454543004908C9 /* GXLIBBooklist.m in Sources */,
				18D839A7174545B0004908C9 /* GXLIBbooklistCell.m in Sources */,
			);
			runOnlyForDeploymentPostprocessing = 0;
		};
/* End PBXSourcesBuildPhase section */

/* Begin PBXVariantGroup section */
		18D8396717451B15004908C9 /* InfoPlist.strings */ = {
			isa = PBXVariantGroup;
			children = (
				18D8396817451B15004908C9 /* en */,
			);
			name = InfoPlist.strings;
			sourceTree = "<group>";
		};
/* End PBXVariantGroup section */

/* Begin XCBuildConfiguration section */
		18D8397C17451B15004908C9 /* Debug */ = {
			isa = XCBuildConfiguration;
			buildSettings = {
				ALWAYS_SEARCH_USER_PATHS = NO;
				CLANG_CXX_LANGUAGE_STANDARD = "gnu++0x";
				CLANG_CXX_LIBRARY = "libc++";
				CLANG_WARN_CONSTANT_CONVERSION = YES;
				CLANG_WARN_EMPTY_BODY = YES;
				CLANG_WARN_ENUM_CONVERSION = YES;
				CLANG_WARN_INT_CONVERSION = YES;
				CLANG_WARN__DUPLICATE_METHOD_MATCH = YES;
				"CODE_SIGN_IDENTITY[sdk=iphoneos*]" = "iPhone Developer";
				COPY_PHASE_STRIP = NO;
				GCC_C_LANGUAGE_STANDARD = gnu99;
				GCC_DYNAMIC_NO_PIC = NO;
				GCC_OPTIMIZATION_LEVEL = 0;
				GCC_PREPROCESSOR_DEFINITIONS = (
					"DEBUG=1",
					"$(inherited)",
				);
				GCC_SYMBOLS_PRIVATE_EXTERN = NO;
				GCC_WARN_ABOUT_RETURN_TYPE = YES;
				GCC_WARN_UNINITIALIZED_AUTOS = YES;
				GCC_WARN_UNUSED_VARIABLE = YES;
				IPHONEOS_DEPLOYMENT_TARGET = 6.1;
				ONLY_ACTIVE_ARCH = YES;
				SDKROOT = iphoneos;
			};
			name = Debug;
		};
		18D8397D17451B15004908C9 /* Release */ = {
			isa = XCBuildConfiguration;
			buildSettings = {
				ALWAYS_SEARCH_USER_PATHS = NO;
				CLANG_CXX_LANGUAGE_STANDARD = "gnu++0x";
				CLANG_CXX_LIBRARY = "libc++";
				CLANG_WARN_CONSTANT_CONVERSION = YES;
				CLANG_WARN_EMPTY_BODY = YES;
				CLANG_WARN_ENUM_CONVERSION = YES;
				CLANG_WARN_INT_CONVERSION = YES;
				CLANG_WARN__DUPLICATE_METHOD_MATCH = YES;
				"CODE_SIGN_IDENTITY[sdk=iphoneos*]" = "iPhone Developer";
				COPY_PHASE_STRIP = YES;
				GCC_C_LANGUAGE_STANDARD = gnu99;
				GCC_WARN_ABOUT_RETURN_TYPE = YES;
				GCC_WARN_UNINITIALIZED_AUTOS = YES;
				GCC_WARN_UNUSED_VARIABLE = YES;
				IPHONEOS_DEPLOYMENT_TARGET = 6.1;
				OTHER_CFLAGS = "-DNS_BLOCK_ASSERTIONS=1";
				SDKROOT = iphoneos;
				VALIDATE_PRODUCT = YES;
			};
			name = Release;
		};
		18D8397F17451B15004908C9 /* Debug */ = {
			isa = XCBuildConfiguration;
			buildSettings = {
				GCC_PRECOMPILE_PREFIX_HEADER = YES;
				GCC_PREFIX_HEADER = "library-xz/library-xz-Prefix.pch";
				INFOPLIST_FILE = "library-xz/library-xz-Info.plist";
				IPHONEOS_DEPLOYMENT_TARGET = 5.0;
				PRODUCT_NAME = "$(TARGET_NAME)";
				WRAPPER_EXTENSION = app;
			};
			name = Debug;
		};
		18D8398017451B15004908C9 /* Release */ = {
			isa = XCBuildConfiguration;
			buildSettings = {
				GCC_PRECOMPILE_PREFIX_HEADER = YES;
				GCC_PREFIX_HEADER = "library-xz/library-xz-Prefix.pch";
				INFOPLIST_FILE = "library-xz/library-xz-Info.plist";
				IPHONEOS_DEPLOYMENT_TARGET = 5.0;
				PRODUCT_NAME = "$(TARGET_NAME)";
				WRAPPER_EXTENSION = app;
			};
			name = Release;
		};
/* End XCBuildConfiguration section */

/* Begin XCConfigurationList section */
		18D8395617451B15004908C9 /* Build configuration list for PBXProject "library-xz" */ = {
			isa = XCConfigurationList;
			buildConfigurations = (
				18D8397C17451B15004908C9 /* Debug */,
				18D8397D17451B15004908C9 /* Release */,
			);
			defaultConfigurationIsVisible = 0;
			defaultConfigurationName = Release;
		};
		18D8397E17451B15004908C9 /* Build configuration list for PBXNativeTarget "library-xz" */ = {
			isa = XCConfigurationList;
			buildConfigurations = (
				18D8397F17451B15004908C9 /* Debug */,
				18D8398017451B15004908C9 /* Release */,
			);
			defaultConfigurationIsVisible = 0;
		};
/* End XCConfigurationList section */
	};
	rootObject = 18D8395317451B15004908C9 /* Project object */;
}
